
Microsoft Visual Studio Solution File, Format Version 12.00
# Visual Studio 15
VisualStudioVersion = 15.0.28307.271
MinimumVisualStudioVersion = 10.0.40219.1
Project("{9A19103F-16F7-4668-BE54-9A1E7A4F7556}") = "Lab40108-LINGinManhattan", "Lab40108-LINGinManhattan\Lab40108-LINGinManhattan.csproj", "{17B7B186-2316-479F-AEA2-190CDB75629C}"
EndProject
Project("{FAE04EC0-301F-11D3-BF4B-00C04F79EFBC}") = "Lab40108LINQInManhattanXUnitTestProject1", "Lab40108LINQInManhattanXUnitTestProject1\Lab40108LINQInManhattanXUnitTestProject1.csproj", "{C96A5D0A-3090-4BEC-A9FB-B24E1AEBD4BA}"
EndProject
Global
	GlobalSection(SolutionConfigurationPlatforms) = preSolution
		Debug|Any CPU = Debug|Any CPU
		Release|Any CPU = Release|Any CPU
	EndGlobalSection
	GlobalSection(ProjectConfigurationPlatforms) = postSolution
		{17B7B186-2316-479F-AEA2-190CDB75629C}.Debug|Any CPU.ActiveCfg = Debug|Any CPU
		{17B7B186-2316-479F-AEA2-190CDB75629C}.Debug|Any CPU.Build.0 = Debug|Any CPU
		{17B7B186-2316-479F-AEA2-190CDB75629C}.Release|Any CPU.ActiveCfg = Release|Any CPU
		{17B7B186-2316-479F-AEA2-190CDB75629C}.Release|Any CPU.Build.0 = Release|Any CPU
		{C96A5D0A-3090-4BEC-A9FB-B24E1AEBD4BA}.Debug|Any CPU.ActiveCfg = Debug|Any CPU
		{C96A5D0A-3090-4BEC-A9FB-B24E1AEBD4BA}.Debug|Any CPU.Build.0 = Debug|Any CPU
		{C96A5D0A-3090-4BEC-A9FB-B24E1AEBD4BA}.Release|Any CPU.ActiveCfg = Release|Any CPU
		{C96A5D0A-3090-4BEC-A9FB-B24E1AEBD4BA}.Release|Any CPU.Build.0 = Release|Any CPU
	EndGlobalSection
	GlobalSection(SolutionProperties) = preSolution
		HideSolutionNode = FALSE
	EndGlobalSection
	GlobalSection(ExtensibilityGlobals) = postSolution
		SolutionGuid = {7905259A-3A99-40B7-8210-B62FFEEA353A}
	EndGlobalSection
EndGlobal
